
Microsoft Visual Studio Solution File, Format Version 12.00
# Visual Studio 15
VisualStudioVersion = 15.0.28010.2003
MinimumVisualStudioVersion = 10.0.40219.1
Project("{FAE04EC0-301F-11D3-BF4B-00C04F79EFBC}") = "BowlingGame", "BowlingGame\BowlingGame.csproj", "{AC163F8E-D4E1-460B-9CCE-EDD2B6E55F61}"
EndProject
Project("{FAE04EC0-301F-11D3-BF4B-00C04F79EFBC}") = "BowlingGameTests", "BowlingGameTests\BowlingGameTests.csproj", "{0324FC0A-13D9-4684-9DF4-7DDDC0DC6438}"
EndProject
Global
	GlobalSection(SolutionConfigurationPlatforms) = preSolution
		Debug|Any CPU = Debug|Any CPU
		Release|Any CPU = Release|Any CPU
	EndGlobalSection
	GlobalSection(ProjectConfigurationPlatforms) = postSolution
		{AC163F8E-D4E1-460B-9CCE-EDD2B6E55F61}.Debug|Any CPU.ActiveCfg = Debug|Any CPU
		{AC163F8E-D4E1-460B-9CCE-EDD2B6E55F61}.Debug|Any CPU.Build.0 = Debug|Any CPU
		{AC163F8E-D4E1-460B-9CCE-EDD2B6E55F61}.Release|Any CPU.ActiveCfg = Release|Any CPU
		{AC163F8E-D4E1-460B-9CCE-EDD2B6E55F61}.Release|Any CPU.Build.0 = Release|Any CPU
		{0324FC0A-13D9-4684-9DF4-7DDDC0DC6438}.Debug|Any CPU.ActiveCfg = Debug|Any CPU
		{0324FC0A-13D9-4684-9DF4-7DDDC0DC6438}.Debug|Any CPU.Build.0 = Debug|Any CPU
		{0324FC0A-13D9-4684-9DF4-7DDDC0DC6438}.Release|Any CPU.ActiveCfg = Release|Any CPU
		{0324FC0A-13D9-4684-9DF4-7DDDC0DC6438}.Release|Any CPU.Build.0 = Release|Any CPU
	EndGlobalSection
	GlobalSection(SolutionProperties) = preSolution
		HideSolutionNode = FALSE
	EndGlobalSection
	GlobalSection(ExtensibilityGlobals) = postSolution
		SolutionGuid = {5436FBC6-313D-4024-B438-DE2F4C65C1AA}
	EndGlobalSection
EndGlobal
