
Microsoft Visual Studio Solution File, Format Version 12.00
# Visual Studio 15
VisualStudioVersion = 15.0.28010.2048
MinimumVisualStudioVersion = 10.0.40219.1
Project("{FAE04EC0-301F-11D3-BF4B-00C04F79EFBC}") = "BowlingGame", "BowlingGame\BowlingGame.csproj", "{7CA28508-F2EA-4A42-8AE6-B39FEC15878C}"
EndProject
Project("{FAE04EC0-301F-11D3-BF4B-00C04F79EFBC}") = "BowlingGameTests", "BowlingGameTests\BowlingGameTests.csproj", "{08BC11FA-3F8E-439B-882C-8CC2EAB5C9C4}"
EndProject
Global
	GlobalSection(SolutionConfigurationPlatforms) = preSolution
		Debug|Any CPU = Debug|Any CPU
		Release|Any CPU = Release|Any CPU
	EndGlobalSection
	GlobalSection(ProjectConfigurationPlatforms) = postSolution
		{7CA28508-F2EA-4A42-8AE6-B39FEC15878C}.Debug|Any CPU.ActiveCfg = Debug|Any CPU
		{7CA28508-F2EA-4A42-8AE6-B39FEC15878C}.Debug|Any CPU.Build.0 = Debug|Any CPU
		{7CA28508-F2EA-4A42-8AE6-B39FEC15878C}.Release|Any CPU.ActiveCfg = Release|Any CPU
		{7CA28508-F2EA-4A42-8AE6-B39FEC15878C}.Release|Any CPU.Build.0 = Release|Any CPU
		{08BC11FA-3F8E-439B-882C-8CC2EAB5C9C4}.Debug|Any CPU.ActiveCfg = Debug|Any CPU
		{08BC11FA-3F8E-439B-882C-8CC2EAB5C9C4}.Debug|Any CPU.Build.0 = Debug|Any CPU
		{08BC11FA-3F8E-439B-882C-8CC2EAB5C9C4}.Release|Any CPU.ActiveCfg = Release|Any CPU
		{08BC11FA-3F8E-439B-882C-8CC2EAB5C9C4}.Release|Any CPU.Build.0 = Release|Any CPU
	EndGlobalSection
	GlobalSection(SolutionProperties) = preSolution
		HideSolutionNode = FALSE
	EndGlobalSection
	GlobalSection(ExtensibilityGlobals) = postSolution
		SolutionGuid = {891D036C-36F8-4CC5-B3B4-7E71B75C2BDE}
	EndGlobalSection
EndGlobal
