
Microsoft Visual Studio Solution File, Format Version 12.00
# Visual Studio 15
VisualStudioVersion = 15.0.28010.2048
MinimumVisualStudioVersion = 10.0.40219.1
Project("{F2A71F9B-5D33-465A-A702-920D77279786}") = "BowlingGame", "BowlingGame\BowlingGame.fsproj", "{109FB837-98F8-4DF5-973D-C97B21438854}"
EndProject
Project("{F2A71F9B-5D33-465A-A702-920D77279786}") = "BowlingGameTests", "BowlingGameTests\BowlingGameTests.fsproj", "{716445A6-F52E-4D97-8BB0-21F7DA3FF29C}"
EndProject
Global
	GlobalSection(SolutionConfigurationPlatforms) = preSolution
		Debug|Any CPU = Debug|Any CPU
		Release|Any CPU = Release|Any CPU
	EndGlobalSection
	GlobalSection(ProjectConfigurationPlatforms) = postSolution
		{109FB837-98F8-4DF5-973D-C97B21438854}.Debug|Any CPU.ActiveCfg = Debug|Any CPU
		{109FB837-98F8-4DF5-973D-C97B21438854}.Debug|Any CPU.Build.0 = Debug|Any CPU
		{109FB837-98F8-4DF5-973D-C97B21438854}.Release|Any CPU.ActiveCfg = Release|Any CPU
		{109FB837-98F8-4DF5-973D-C97B21438854}.Release|Any CPU.Build.0 = Release|Any CPU
		{716445A6-F52E-4D97-8BB0-21F7DA3FF29C}.Debug|Any CPU.ActiveCfg = Debug|Any CPU
		{716445A6-F52E-4D97-8BB0-21F7DA3FF29C}.Debug|Any CPU.Build.0 = Debug|Any CPU
		{716445A6-F52E-4D97-8BB0-21F7DA3FF29C}.Release|Any CPU.ActiveCfg = Release|Any CPU
		{716445A6-F52E-4D97-8BB0-21F7DA3FF29C}.Release|Any CPU.Build.0 = Release|Any CPU
	EndGlobalSection
	GlobalSection(SolutionProperties) = preSolution
		HideSolutionNode = FALSE
	EndGlobalSection
	GlobalSection(ExtensibilityGlobals) = postSolution
		SolutionGuid = {63663BD1-B961-49B8-8E1E-61A45D694114}
	EndGlobalSection
EndGlobal
